
Microsoft Visual Studio Solution File, Format Version 12.00
# Visual Studio Version 17
VisualStudioVersion = 17.0.32126.317
MinimumVisualStudioVersion = 10.0.40219.1
Project("{FAE04EC0-301F-11D3-BF4B-00C04F79EFBC}") = "API_2021_Plugins", "API_2021_Plugins.csproj", "{F4ECC43E-D625-4FCD-8D52-ECAF03916D07}"
EndProject
Global
	GlobalSection(SolutionConfigurationPlatforms) = preSolution
		Debug|Any CPU = Debug|Any CPU
		Release|Any CPU = Release|Any CPU
	EndGlobalSection
	GlobalSection(ProjectConfigurationPlatforms) = postSolution
		{F4ECC43E-D625-4FCD-8D52-ECAF03916D07}.Debug|Any CPU.ActiveCfg = Debug|Any CPU
		{F4ECC43E-D625-4FCD-8D52-ECAF03916D07}.Debug|Any CPU.Build.0 = Debug|Any CPU
		{F4ECC43E-D625-4FCD-8D52-ECAF03916D07}.Release|Any CPU.ActiveCfg = Release|Any CPU
		{F4ECC43E-D625-4FCD-8D52-ECAF03916D07}.Release|Any CPU.Build.0 = Release|Any CPU
	EndGlobalSection
	GlobalSection(SolutionProperties) = preSolution
		HideSolutionNode = FALSE
	EndGlobalSection
	GlobalSection(ExtensibilityGlobals) = postSolution
		SolutionGuid = {CB873F1B-10B8-4ABB-BAF2-4E57FCE70C89}
	EndGlobalSection
EndGlobal
